
Microsoft Visual Studio Solution File, Format Version 12.00
# Visual Studio 2012
Project("{FAE04EC0-301F-11D3-BF4B-00C04F79EFBC}") = "TesteRelatorios", "TesteRelatorios\TesteRelatorios.csproj", "{1E5F9917-1D81-4156-8134-4F43F162D383}"
EndProject
Global
	GlobalSection(SolutionConfigurationPlatforms) = preSolution
		Debug|Any CPU = Debug|Any CPU
		Release|Any CPU = Release|Any CPU
	EndGlobalSection
	GlobalSection(ProjectConfigurationPlatforms) = postSolution
		{1E5F9917-1D81-4156-8134-4F43F162D383}.Debug|Any CPU.ActiveCfg = Debug|Any CPU
		{1E5F9917-1D81-4156-8134-4F43F162D383}.Debug|Any CPU.Build.0 = Debug|Any CPU
		{1E5F9917-1D81-4156-8134-4F43F162D383}.Release|Any CPU.ActiveCfg = Release|Any CPU
		{1E5F9917-1D81-4156-8134-4F43F162D383}.Release|Any CPU.Build.0 = Release|Any CPU
	EndGlobalSection
	GlobalSection(SolutionProperties) = preSolution
		HideSolutionNode = FALSE
	EndGlobalSection
EndGlobal
